// !$*UTF8*$!
{
	archiveVersion = 1;
	classes = {
	};
	objectVersion = 46;
	objects = {

/* Begin PBXBuildFile section */
		22CDF13B1DF8CE5500BD6012 /* AppDelegate.swift in Sources */ = {isa = PBXBuildFile; fileRef = 22CDF1251DF8CE5500BD6012 /* AppDelegate.swift */; };
		22CDF13C1DF8CE5500BD6012 /* ViewController.swift in Sources */ = {isa = PBXBuildFile; fileRef = 22CDF1271DF8CE5500BD6012 /* ViewController.swift */; };
		22CDF13D1DF8CE5500BD6012 /* UIImage+Encoding.swift in Sources */ = {isa = PBXBuildFile; fileRef = 22CDF1291DF8CE5500BD6012 /* UIImage+Encoding.swift */; };
		22CDF13F1DF8CE5500BD6012 /* LabelScan.swift in Sources */ = {isa = PBXBuildFile; fileRef = 22CDF12C1DF8CE5500BD6012 /* LabelScan.swift */; };
		22CDF1401DF8CE5500BD6012 /* LabelScanResult.swift in Sources */ = {isa = PBXBuildFile; fileRef = 22CDF12D1DF8CE5500BD6012 /* LabelScanResult.swift */; };
		22CDF1411DF8CE5500BD6012 /* Assets.xcassets in Resources */ = {isa = PBXBuildFile; fileRef = 22CDF12F1DF8CE5500BD6012 /* Assets.xcassets */; };
		22CDF1421DF8CE5500BD6012 /* LaunchScreen.storyboard in Resources */ = {isa = PBXBuildFile; fileRef = 22CDF1301DF8CE5500BD6012 /* LaunchScreen.storyboard */; };
		22CDF1431DF8CE5500BD6012 /* Main.storyboard in Resources */ = {isa = PBXBuildFile; fileRef = 22CDF1321DF8CE5500BD6012 /* Main.storyboard */; };
		22CDF1441DF8CE5500BD6012 /* demo-image.jpg in Resources */ = {isa = PBXBuildFile; fileRef = 22CDF1341DF8CE5500BD6012 /* demo-image.jpg */; };
		22CDF1451DF8CE5500BD6012 /* RMP-Photo.jpg in Resources */ = {isa = PBXBuildFile; fileRef = 22CDF1351DF8CE5500BD6012 /* RMP-Photo.jpg */; };
		22CDF1461DF8CE5500BD6012 /* LabelResultsCellTableViewCell.swift in Sources */ = {isa = PBXBuildFile; fileRef = 22CDF1381DF8CE5500BD6012 /* LabelResultsCellTableViewCell.swift */; };
		22CDF1471DF8CE5500BD6012 /* PhotoButtonView.swift in Sources */ = {isa = PBXBuildFile; fileRef = 22CDF1391DF8CE5500BD6012 /* PhotoButtonView.swift */; };
		22CDF1481DF8CE5500BD6012 /* PhotoButtonView.xib in Resources */ = {isa = PBXBuildFile; fileRef = 22CDF13A1DF8CE5500BD6012 /* PhotoButtonView.xib */; };
		22CDF14A1DF8D01B00BD6012 /* LocalIPAddress.swift in Sources */ = {isa = PBXBuildFile; fileRef = 22CDF1491DF8D01B00BD6012 /* LocalIPAddress.swift */; };
		3BE91DEED02EDAE01758AF38 /* Pods_Scanner.framework in Frameworks */ = {isa = PBXBuildFile; fileRef = 1A235B706357F6883E9F10CE /* Pods_Scanner.framework */; };
/* End PBXBuildFile section */

/* Begin PBXFileReference section */
		1A235B706357F6883E9F10CE /* Pods_Scanner.framework */ = {isa = PBXFileReference; explicitFileType = wrapper.framework; includeInIndex = 0; path = Pods_Scanner.framework; sourceTree = BUILT_PRODUCTS_DIR; };
		22CDF1251DF8CE5500BD6012 /* AppDelegate.swift */ = {isa = PBXFileReference; fileEncoding = 4; lastKnownFileType = sourcecode.swift; path = AppDelegate.swift; sourceTree = "<group>"; };
		22CDF1271DF8CE5500BD6012 /* ViewController.swift */ = {isa = PBXFileReference; fileEncoding = 4; lastKnownFileType = sourcecode.swift; path = ViewController.swift; sourceTree = "<group>"; };
		22CDF1291DF8CE5500BD6012 /* UIImage+Encoding.swift */ = {isa = PBXFileReference; fileEncoding = 4; lastKnownFileType = sourcecode.swift; path = "UIImage+Encoding.swift"; sourceTree = "<group>"; };
		22CDF12A1DF8CE5500BD6012 /* Info.plist */ = {isa = PBXFileReference; fileEncoding = 4; lastKnownFileType = text.plist.xml; path = Info.plist; sourceTree = "<group>"; };
		22CDF12C1DF8CE5500BD6012 /* LabelScan.swift */ = {isa = PBXFileReference; fileEncoding = 4; lastKnownFileType = sourcecode.swift; path = LabelScan.swift; sourceTree = "<group>"; };
		22CDF12D1DF8CE5500BD6012 /* LabelScanResult.swift */ = {isa = PBXFileReference; fileEncoding = 4; lastKnownFileType = sourcecode.swift; path = LabelScanResult.swift; sourceTree = "<group>"; };
		22CDF12F1DF8CE5500BD6012 /* Assets.xcassets */ = {isa = PBXFileReference; lastKnownFileType = folder.assetcatalog; path = Assets.xcassets; sourceTree = "<group>"; };
		22CDF1311DF8CE5500BD6012 /* Base */ = {isa = PBXFileReference; lastKnownFileType = file.storyboard; name = Base; path = Base.lproj/LaunchScreen.storyboard; sourceTree = "<group>"; };
		22CDF1331DF8CE5500BD6012 /* Base */ = {isa = PBXFileReference; lastKnownFileType = file.storyboard; name = Base; path = Base.lproj/Main.storyboard; sourceTree = "<group>"; };
		22CDF1341DF8CE5500BD6012 /* demo-image.jpg */ = {isa = PBXFileReference; lastKnownFileType = image.jpeg; path = "demo-image.jpg"; sourceTree = "<group>"; };
		22CDF1351DF8CE5500BD6012 /* RMP-Photo.jpg */ = {isa = PBXFileReference; lastKnownFileType = image.jpeg; path = "RMP-Photo.jpg"; sourceTree = "<group>"; };
		22CDF1361DF8CE5500BD6012 /* Scanner.entitlements */ = {isa = PBXFileReference; fileEncoding = 4; lastKnownFileType = text.plist.entitlements; path = Scanner.entitlements; sourceTree = "<group>"; };
		22CDF1381DF8CE5500BD6012 /* LabelResultsCellTableViewCell.swift */ = {isa = PBXFileReference; fileEncoding = 4; lastKnownFileType = sourcecode.swift; path = LabelResultsCellTableViewCell.swift; sourceTree = "<group>"; };
		22CDF1391DF8CE5500BD6012 /* PhotoButtonView.swift */ = {isa = PBXFileReference; fileEncoding = 4; lastKnownFileType = sourcecode.swift; path = PhotoButtonView.swift; sourceTree = "<group>"; };
		22CDF13A1DF8CE5500BD6012 /* PhotoButtonView.xib */ = {isa = PBXFileReference; fileEncoding = 4; lastKnownFileType = file.xib; path = PhotoButtonView.xib; sourceTree = "<group>"; };
		22CDF1491DF8D01B00BD6012 /* LocalIPAddress.swift */ = {isa = PBXFileReference; fileEncoding = 4; lastKnownFileType = sourcecode.swift; path = LocalIPAddress.swift; sourceTree = "<group>"; };
		417DEA1D8130B71866C489FE /* Pods-Scanner.debug.xcconfig */ = {isa = PBXFileReference; includeInIndex = 1; lastKnownFileType = text.xcconfig; name = "Pods-Scanner.debug.xcconfig"; path = "Pods/Target Support Files/Pods-Scanner/Pods-Scanner.debug.xcconfig"; sourceTree = "<group>"; };
		7803B0D7E6679C427B06596D /* Pods-Scanner.release.xcconfig */ = {isa = PBXFileReference; includeInIndex = 1; lastKnownFileType = text.xcconfig; name = "Pods-Scanner.release.xcconfig"; path = "Pods/Target Support Files/Pods-Scanner/Pods-Scanner.release.xcconfig"; sourceTree = "<group>"; };
		F1947BD81D9DCAA60082BD5A /* Scanner.app */ = {isa = PBXFileReference; explicitFileType = wrapper.application; includeInIndex = 0; path = Scanner.app; sourceTree = BUILT_PRODUCTS_DIR; };
/* End PBXFileReference section */

/* Begin PBXFrameworksBuildPhase section */
		F1947BD51D9DCAA60082BD5A /* Frameworks */ = {
			isa = PBXFrameworksBuildPhase;
			buildActionMask = 2147483647;
			files = (
				3BE91DEED02EDAE01758AF38 /* Pods_Scanner.framework in Frameworks */,
			);
			runOnlyForDeploymentPostprocessing = 0;
		};
/* End PBXFrameworksBuildPhase section */

/* Begin PBXGroup section */
		22CDF1241DF8CE5500BD6012 /* Scanner */ = {
			isa = PBXGroup;
			children = (
				22CDF1251DF8CE5500BD6012 /* AppDelegate.swift */,
				22CDF1491DF8D01B00BD6012 /* LocalIPAddress.swift */,
				22CDF1261DF8CE5500BD6012 /* Controllers */,
				22CDF1281DF8CE5500BD6012 /* Extensions */,
				22CDF12A1DF8CE5500BD6012 /* Info.plist */,
				22CDF12B1DF8CE5500BD6012 /* Models */,
				22CDF12E1DF8CE5500BD6012 /* Resources */,
				22CDF1361DF8CE5500BD6012 /* Scanner.entitlements */,
				22CDF1371DF8CE5500BD6012 /* Views */,
			);
			path = Scanner;
			sourceTree = "<group>";
		};
		22CDF1261DF8CE5500BD6012 /* Controllers */ = {
			isa = PBXGroup;
			children = (
				22CDF1271DF8CE5500BD6012 /* ViewController.swift */,
			);
			path = Controllers;
			sourceTree = "<group>";
		};
		22CDF1281DF8CE5500BD6012 /* Extensions */ = {
			isa = PBXGroup;
			children = (
				22CDF1291DF8CE5500BD6012 /* UIImage+Encoding.swift */,
			);
			path = Extensions;
			sourceTree = "<group>";
		};
		22CDF12B1DF8CE5500BD6012 /* Models */ = {
			isa = PBXGroup;
			children = (
				22CDF12C1DF8CE5500BD6012 /* LabelScan.swift */,
				22CDF12D1DF8CE5500BD6012 /* LabelScanResult.swift */,
			);
			path = Models;
			sourceTree = "<group>";
		};
		22CDF12E1DF8CE5500BD6012 /* Resources */ = {
			isa = PBXGroup;
			children = (
				22CDF12F1DF8CE5500BD6012 /* Assets.xcassets */,
				22CDF1301DF8CE5500BD6012 /* LaunchScreen.storyboard */,
				22CDF1321DF8CE5500BD6012 /* Main.storyboard */,
				22CDF1341DF8CE5500BD6012 /* demo-image.jpg */,
				22CDF1351DF8CE5500BD6012 /* RMP-Photo.jpg */,
			);
			path = Resources;
			sourceTree = "<group>";
		};
		22CDF1371DF8CE5500BD6012 /* Views */ = {
			isa = PBXGroup;
			children = (
				22CDF1381DF8CE5500BD6012 /* LabelResultsCellTableViewCell.swift */,
				22CDF1391DF8CE5500BD6012 /* PhotoButtonView.swift */,
				22CDF13A1DF8CE5500BD6012 /* PhotoButtonView.xib */,
			);
			path = Views;
			sourceTree = "<group>";
		};
		47039B9AEACE41D1FCAED0A7 /* Pods */ = {
			isa = PBXGroup;
			children = (
				417DEA1D8130B71866C489FE /* Pods-Scanner.debug.xcconfig */,
				7803B0D7E6679C427B06596D /* Pods-Scanner.release.xcconfig */,
			);
			name = Pods;
			sourceTree = "<group>";
		};
		E3F4E09D101874EBE49247D2 /* Frameworks */ = {
			isa = PBXGroup;
			children = (
				1A235B706357F6883E9F10CE /* Pods_Scanner.framework */,
			);
			name = Frameworks;
			sourceTree = "<group>";
		};
		F1947BCF1D9DCAA60082BD5A = {
			isa = PBXGroup;
			children = (
				22CDF1241DF8CE5500BD6012 /* Scanner */,
				F1947BD91D9DCAA60082BD5A /* Products */,
				47039B9AEACE41D1FCAED0A7 /* Pods */,
				E3F4E09D101874EBE49247D2 /* Frameworks */,
			);
			sourceTree = "<group>";
		};
		F1947BD91D9DCAA60082BD5A /* Products */ = {
			isa = PBXGroup;
			children = (
				F1947BD81D9DCAA60082BD5A /* Scanner.app */,
			);
			name = Products;
			sourceTree = "<group>";
		};
/* End PBXGroup section */

/* Begin PBXNativeTarget section */
		F1947BD71D9DCAA60082BD5A /* Scanner */ = {
			isa = PBXNativeTarget;
			buildConfigurationList = F1947BEA1D9DCAA60082BD5A /* Build configuration list for PBXNativeTarget "Scanner" */;
			buildPhases = (
				FE55B4C149E65A152B51F56C /* [CP] Check Pods Manifest.lock */,
				F170660C1DDBC7A100269684 /* Get Local IP Address */,
				F1947BD41D9DCAA60082BD5A /* Sources */,
				F1947BD51D9DCAA60082BD5A /* Frameworks */,
				F1947BD61D9DCAA60082BD5A /* Resources */,
				62579E8CF865226B3D3EB423 /* [CP] Embed Pods Frameworks */,
				6E1A03E2CC79130287CABBED /* [CP] Copy Pods Resources */,
			);
			buildRules = (
			);
			dependencies = (
			);
			name = Scanner;
			productName = TextScanner;
			productReference = F1947BD81D9DCAA60082BD5A /* Scanner.app */;
			productType = "com.apple.product-type.application";
		};
/* End PBXNativeTarget section */

/* Begin PBXProject section */
		F1947BD01D9DCAA60082BD5A /* Project object */ = {
			isa = PBXProject;
			attributes = {
				LastSwiftUpdateCheck = 0800;
				LastUpgradeCheck = 0820;
				ORGANIZATIONNAME = Realm;
				TargetAttributes = {
					F1947BD71D9DCAA60082BD5A = {
						CreatedOnToolsVersion = 8.0;
						DevelopmentTeam = 6LF3GMKZAB;
						ProvisioningStyle = Automatic;
						SystemCapabilities = {
							com.apple.Keychain = {
								enabled = 1;
							};
						};
					};
				};
			};
			buildConfigurationList = F1947BD31D9DCAA60082BD5A /* Build configuration list for PBXProject "Scanner" */;
			compatibilityVersion = "Xcode 3.2";
			developmentRegion = English;
			hasScannedForEncodings = 0;
			knownRegions = (
				en,
				Base,
			);
			mainGroup = F1947BCF1D9DCAA60082BD5A;
			productRefGroup = F1947BD91D9DCAA60082BD5A /* Products */;
			projectDirPath = "";
			projectRoot = "";
			targets = (
				F1947BD71D9DCAA60082BD5A /* Scanner */,
			);
		};
/* End PBXProject section */

/* Begin PBXResourcesBuildPhase section */
		F1947BD61D9DCAA60082BD5A /* Resources */ = {
			isa = PBXResourcesBuildPhase;
			buildActionMask = 2147483647;
			files = (
				22CDF1421DF8CE5500BD6012 /* LaunchScreen.storyboard in Resources */,
				22CDF1441DF8CE5500BD6012 /* demo-image.jpg in Resources */,
				22CDF1451DF8CE5500BD6012 /* RMP-Photo.jpg in Resources */,
				22CDF1411DF8CE5500BD6012 /* Assets.xcassets in Resources */,
				22CDF1481DF8CE5500BD6012 /* PhotoButtonView.xib in Resources */,
				22CDF1431DF8CE5500BD6012 /* Main.storyboard in Resources */,
			);
			runOnlyForDeploymentPostprocessing = 0;
		};
/* End PBXResourcesBuildPhase section */

/* Begin PBXShellScriptBuildPhase section */
		62579E8CF865226B3D3EB423 /* [CP] Embed Pods Frameworks */ = {
			isa = PBXShellScriptBuildPhase;
			buildActionMask = 2147483647;
			files = (
			);
			inputPaths = (
			);
			name = "[CP] Embed Pods Frameworks";
			outputPaths = (
			);
			runOnlyForDeploymentPostprocessing = 0;
			shellPath = /bin/sh;
			shellScript = "\"${SRCROOT}/Pods/Target Support Files/Pods-Scanner/Pods-Scanner-frameworks.sh\"\n";
			showEnvVarsInLog = 0;
		};
		6E1A03E2CC79130287CABBED /* [CP] Copy Pods Resources */ = {
			isa = PBXShellScriptBuildPhase;
			buildActionMask = 2147483647;
			files = (
			);
			inputPaths = (
			);
			name = "[CP] Copy Pods Resources";
			outputPaths = (
			);
			runOnlyForDeploymentPostprocessing = 0;
			shellPath = /bin/sh;
			shellScript = "\"${SRCROOT}/Pods/Target Support Files/Pods-Scanner/Pods-Scanner-resources.sh\"\n";
			showEnvVarsInLog = 0;
		};
		F170660C1DDBC7A100269684 /* Get Local IP Address */ = {
			isa = PBXShellScriptBuildPhase;
			buildActionMask = 2147483647;
			files = (
			);
			inputPaths = (
			);
			name = "Get Local IP Address";
			outputPaths = (
			);
			runOnlyForDeploymentPostprocessing = 0;
			shellPath = /bin/sh;
			shellScript = "LOCAL_IP_ADDR=$(ipconfig getifaddr $(netstat -f inet -rant | awk '/default/ { print $6; exit }'))\necho \"let localIPAddress = \\\"${LOCAL_IP_ADDR:-127.0.0.1}\\\"\" > \"$SRCROOT/Scanner/LocalIPAddress.swift\"";
		};
		FE55B4C149E65A152B51F56C /* [CP] Check Pods Manifest.lock */ = {
			isa = PBXShellScriptBuildPhase;
			buildActionMask = 2147483647;
			files = (
			);
			inputPaths = (
			);
			name = "[CP] Check Pods Manifest.lock";
			outputPaths = (
			);
			runOnlyForDeploymentPostprocessing = 0;
			shellPath = /bin/sh;
			shellScript = "diff \"${PODS_ROOT}/../Podfile.lock\" \"${PODS_ROOT}/Manifest.lock\" > /dev/null\nif [ $? != 0 ] ; then\n    # print error to STDERR\n    echo \"error: The sandbox is not in sync with the Podfile.lock. Run 'pod install' or update your CocoaPods installation.\" >&2\n    exit 1\nfi\n";
			showEnvVarsInLog = 0;
		};
/* End PBXShellScriptBuildPhase section */

/* Begin PBXSourcesBuildPhase section */
		F1947BD41D9DCAA60082BD5A /* Sources */ = {
			isa = PBXSourcesBuildPhase;
			buildActionMask = 2147483647;
			files = (
				22CDF13C1DF8CE5500BD6012 /* ViewController.swift in Sources */,
				22CDF14A1DF8D01B00BD6012 /* LocalIPAddress.swift in Sources */,
				22CDF13D1DF8CE5500BD6012 /* UIImage+Encoding.swift in Sources */,
				22CDF13B1DF8CE5500BD6012 /* AppDelegate.swift in Sources */,
				22CDF1471DF8CE5500BD6012 /* PhotoButtonView.swift in Sources */,
				22CDF1461DF8CE5500BD6012 /* LabelResultsCellTableViewCell.swift in Sources */,
				22CDF1401DF8CE5500BD6012 /* LabelScanResult.swift in Sources */,
				22CDF13F1DF8CE5500BD6012 /* LabelScan.swift in Sources */,
			);
			runOnlyForDeploymentPostprocessing = 0;
		};
/* End PBXSourcesBuildPhase section */

/* Begin PBXVariantGroup section */
		22CDF1301DF8CE5500BD6012 /* LaunchScreen.storyboard */ = {
			isa = PBXVariantGroup;
			children = (
				22CDF1311DF8CE5500BD6012 /* Base */,
			);
			name = LaunchScreen.storyboard;
			sourceTree = "<group>";
		};
		22CDF1321DF8CE5500BD6012 /* Main.storyboard */ = {
			isa = PBXVariantGroup;
			children = (
				22CDF1331DF8CE5500BD6012 /* Base */,
			);
			name = Main.storyboard;
			sourceTree = "<group>";
		};
/* End PBXVariantGroup section */

/* Begin XCBuildConfiguration section */
		F1947BE81D9DCAA60082BD5A /* Debug */ = {
			isa = XCBuildConfiguration;
			buildSettings = {
				ALWAYS_SEARCH_USER_PATHS = NO;
				CLANG_ANALYZER_NONNULL = YES;
				CLANG_CXX_LANGUAGE_STANDARD = "gnu++0x";
				CLANG_CXX_LIBRARY = "libc++";
				CLANG_ENABLE_MODULES = YES;
				CLANG_ENABLE_OBJC_ARC = YES;
				CLANG_WARN_BOOL_CONVERSION = YES;
				CLANG_WARN_CONSTANT_CONVERSION = YES;
				CLANG_WARN_DIRECT_OBJC_ISA_USAGE = YES_ERROR;
				CLANG_WARN_DOCUMENTATION_COMMENTS = YES;
				CLANG_WARN_EMPTY_BODY = YES;
				CLANG_WARN_ENUM_CONVERSION = YES;
				CLANG_WARN_INFINITE_RECURSION = YES;
				CLANG_WARN_INT_CONVERSION = YES;
				CLANG_WARN_OBJC_ROOT_CLASS = YES_ERROR;
				CLANG_WARN_SUSPICIOUS_MOVE = YES;
				CLANG_WARN_SUSPICIOUS_MOVES = YES;
				CLANG_WARN_UNREACHABLE_CODE = YES;
				CLANG_WARN__DUPLICATE_METHOD_MATCH = YES;
				"CODE_SIGN_IDENTITY[sdk=iphoneos*]" = "iPhone Developer";
				COPY_PHASE_STRIP = NO;
				DEBUG_INFORMATION_FORMAT = dwarf;
				ENABLE_STRICT_OBJC_MSGSEND = YES;
				ENABLE_TESTABILITY = YES;
				GCC_C_LANGUAGE_STANDARD = gnu99;
				GCC_DYNAMIC_NO_PIC = NO;
				GCC_NO_COMMON_BLOCKS = YES;
				GCC_OPTIMIZATION_LEVEL = 0;
				GCC_PREPROCESSOR_DEFINITIONS = (
					"DEBUG=1",
					"$(inherited)",
				);
				GCC_WARN_64_TO_32_BIT_CONVERSION = YES;
				GCC_WARN_ABOUT_RETURN_TYPE = YES_ERROR;
				GCC_WARN_UNDECLARED_SELECTOR = YES;
				GCC_WARN_UNINITIALIZED_AUTOS = YES_AGGRESSIVE;
				GCC_WARN_UNUSED_FUNCTION = YES;
				GCC_WARN_UNUSED_VARIABLE = YES;
				IPHONEOS_DEPLOYMENT_TARGET = 10.0;
				MTL_ENABLE_DEBUG_INFO = YES;
				ONLY_ACTIVE_ARCH = YES;
				SDKROOT = iphoneos;
				SWIFT_ACTIVE_COMPILATION_CONDITIONS = DEBUG;
				SWIFT_OPTIMIZATION_LEVEL = "-Onone";
			};
			name = Debug;
		};
		F1947BE91D9DCAA60082BD5A /* Release */ = {
			isa = XCBuildConfiguration;
			buildSettings = {
				ALWAYS_SEARCH_USER_PATHS = NO;
				CLANG_ANALYZER_NONNULL = YES;
				CLANG_CXX_LANGUAGE_STANDARD = "gnu++0x";
				CLANG_CXX_LIBRARY = "libc++";
				CLANG_ENABLE_MODULES = YES;
				CLANG_ENABLE_OBJC_ARC = YES;
				CLANG_WARN_BOOL_CONVERSION = YES;
				CLANG_WARN_CONSTANT_CONVERSION = YES;
				CLANG_WARN_DIRECT_OBJC_ISA_USAGE = YES_ERROR;
				CLANG_WARN_DOCUMENTATION_COMMENTS = YES;
				CLANG_WARN_EMPTY_BODY = YES;
				CLANG_WARN_ENUM_CONVERSION = YES;
				CLANG_WARN_INFINITE_RECURSION = YES;
				CLANG_WARN_INT_CONVERSION = YES;
				CLANG_WARN_OBJC_ROOT_CLASS = YES_ERROR;
				CLANG_WARN_SUSPICIOUS_MOVE = YES;
				CLANG_WARN_SUSPICIOUS_MOVES = YES;
				CLANG_WARN_UNREACHABLE_CODE = YES;
				CLANG_WARN__DUPLICATE_METHOD_MATCH = YES;
				"CODE_SIGN_IDENTITY[sdk=iphoneos*]" = "iPhone Developer";
				COPY_PHASE_STRIP = NO;
				DEBUG_INFORMATION_FORMAT = "dwarf-with-dsym";
				ENABLE_NS_ASSERTIONS = NO;
				ENABLE_STRICT_OBJC_MSGSEND = YES;
				GCC_C_LANGUAGE_STANDARD = gnu99;
				GCC_NO_COMMON_BLOCKS = YES;
				GCC_WARN_64_TO_32_BIT_CONVERSION = YES;
				GCC_WARN_ABOUT_RETURN_TYPE = YES_ERROR;
				GCC_WARN_UNDECLARED_SELECTOR = YES;
				GCC_WARN_UNINITIALIZED_AUTOS = YES_AGGRESSIVE;
				GCC_WARN_UNUSED_FUNCTION = YES;
				GCC_WARN_UNUSED_VARIABLE = YES;
				IPHONEOS_DEPLOYMENT_TARGET = 10.0;
				MTL_ENABLE_DEBUG_INFO = NO;
				SDKROOT = iphoneos;
				SWIFT_OPTIMIZATION_LEVEL = "-Owholemodule";
				VALIDATE_PRODUCT = YES;
			};
			name = Release;
		};
		F1947BEB1D9DCAA60082BD5A /* Debug */ = {
			isa = XCBuildConfiguration;
			baseConfigurationReference = 417DEA1D8130B71866C489FE /* Pods-Scanner.debug.xcconfig */;
			buildSettings = {
				ASSETCATALOG_COMPILER_APPICON_NAME = AppIcon;
				CODE_SIGN_ENTITLEMENTS = Scanner/Scanner.entitlements;
				DEVELOPMENT_TEAM = 6LF3GMKZAB;
				INFOPLIST_FILE = "$(SRCROOT)/Scanner/Info.plist";
				LD_RUNPATH_SEARCH_PATHS = "$(inherited) @executable_path/Frameworks";
				PRODUCT_BUNDLE_IDENTIFIER = io.realm.scanner;
				PRODUCT_NAME = "$(TARGET_NAME)";
				SWIFT_VERSION = 3.0;
			};
			name = Debug;
		};
		F1947BEC1D9DCAA60082BD5A /* Release */ = {
			isa = XCBuildConfiguration;
			baseConfigurationReference = 7803B0D7E6679C427B06596D /* Pods-Scanner.release.xcconfig */;
			buildSettings = {
				ASSETCATALOG_COMPILER_APPICON_NAME = AppIcon;
				CODE_SIGN_ENTITLEMENTS = Scanner/Scanner.entitlements;
				DEVELOPMENT_TEAM = 6LF3GMKZAB;
				INFOPLIST_FILE = "$(SRCROOT)/Scanner/Info.plist";
				LD_RUNPATH_SEARCH_PATHS = "$(inherited) @executable_path/Frameworks";
				PRODUCT_BUNDLE_IDENTIFIER = io.realm.scanner;
				PRODUCT_NAME = "$(TARGET_NAME)";
				SWIFT_VERSION = 3.0;
			};
			name = Release;
		};
/* End XCBuildConfiguration section */

/* Begin XCConfigurationList section */
		F1947BD31D9DCAA60082BD5A /* Build configuration list for PBXProject "Scanner" */ = {
			isa = XCConfigurationList;
			buildConfigurations = (
				F1947BE81D9DCAA60082BD5A /* Debug */,
				F1947BE91D9DCAA60082BD5A /* Release */,
			);
			defaultConfigurationIsVisible = 0;
			defaultConfigurationName = Release;
		};
		F1947BEA1D9DCAA60082BD5A /* Build configuration list for PBXNativeTarget "Scanner" */ = {
			isa = XCConfigurationList;
			buildConfigurations = (
				F1947BEB1D9DCAA60082BD5A /* Debug */,
				F1947BEC1D9DCAA60082BD5A /* Release */,
			);
			defaultConfigurationIsVisible = 0;
			defaultConfigurationName = Release;
		};
/* End XCConfigurationList section */
	};
	rootObject = F1947BD01D9DCAA60082BD5A /* Project object */;
}
